
Microsoft Visual Studio Solution File, Format Version 12.00
# Visual Studio Version 16
VisualStudioVersion = 25.0.1705.0
MinimumVisualStudioVersion = 10.0.40219.1
Project("{FAE04EC0-301F-11D3-BF4B-00C04F79EFBC}") = "GitTest", "GitTest\GitTest.csproj", "{494ACEE4-FB0E-4914-B057-DC8E3F0CF6EE}"
EndProject
Global
	GlobalSection(SolutionConfigurationPlatforms) = preSolution
		Debug|Any CPU = Debug|Any CPU
		Release|Any CPU = Release|Any CPU
	EndGlobalSection
	GlobalSection(ProjectConfigurationPlatforms) = postSolution
		{494ACEE4-FB0E-4914-B057-DC8E3F0CF6EE}.Debug|Any CPU.ActiveCfg = Debug|Any CPU
		{494ACEE4-FB0E-4914-B057-DC8E3F0CF6EE}.Debug|Any CPU.Build.0 = Debug|Any CPU
		{494ACEE4-FB0E-4914-B057-DC8E3F0CF6EE}.Release|Any CPU.ActiveCfg = Release|Any CPU
		{494ACEE4-FB0E-4914-B057-DC8E3F0CF6EE}.Release|Any CPU.Build.0 = Release|Any CPU
	EndGlobalSection
	GlobalSection(SolutionProperties) = preSolution
		HideSolutionNode = FALSE
	EndGlobalSection
	GlobalSection(ExtensibilityGlobals) = postSolution
		SolutionGuid = {DA1C2678-D2B1-49E3-897E-473D8B3B94BF}
	EndGlobalSection
EndGlobal
